
Microsoft Visual Studio Solution File, Format Version 12.00
# Visual Studio Version 17
VisualStudioVersion = 17.14.36414.22
MinimumVisualStudioVersion = 10.0.40219.1
Project("{FAE04EC0-301F-11D3-BF4B-00C04F79EFBC}") = "Lab_2", "Lab_2\Lab_2.csproj", "{6A81A3CB-AE91-493C-9521-FC0D3B7B503B}"
EndProject
Project("{FAE04EC0-301F-11D3-BF4B-00C04F79EFBC}") = "Lab_1", "Lab_1\Lab_1.csproj", "{E4ACF402-E6F6-4CEF-8CCA-611706FCA3F9}"
EndProject
Project("{FAE04EC0-301F-11D3-BF4B-00C04F79EFBC}") = "WinFormsApp1", "WinFormsApp1\WinFormsApp1.csproj", "{BF9A18C8-230F-4B1F-98CF-081253B17A7B}"
EndProject
Global
	GlobalSection(SolutionConfigurationPlatforms) = preSolution
		Debug|Any CPU = Debug|Any CPU
		Release|Any CPU = Release|Any CPU
	EndGlobalSection
	GlobalSection(ProjectConfigurationPlatforms) = postSolution
		{6A81A3CB-AE91-493C-9521-FC0D3B7B503B}.Debug|Any CPU.ActiveCfg = Debug|Any CPU
		{6A81A3CB-AE91-493C-9521-FC0D3B7B503B}.Debug|Any CPU.Build.0 = Debug|Any CPU
		{6A81A3CB-AE91-493C-9521-FC0D3B7B503B}.Release|Any CPU.ActiveCfg = Release|Any CPU
		{6A81A3CB-AE91-493C-9521-FC0D3B7B503B}.Release|Any CPU.Build.0 = Release|Any CPU
		{E4ACF402-E6F6-4CEF-8CCA-611706FCA3F9}.Debug|Any CPU.ActiveCfg = Debug|Any CPU
		{E4ACF402-E6F6-4CEF-8CCA-611706FCA3F9}.Debug|Any CPU.Build.0 = Debug|Any CPU
		{E4ACF402-E6F6-4CEF-8CCA-611706FCA3F9}.Release|Any CPU.ActiveCfg = Release|Any CPU
		{E4ACF402-E6F6-4CEF-8CCA-611706FCA3F9}.Release|Any CPU.Build.0 = Release|Any CPU
		{BF9A18C8-230F-4B1F-98CF-081253B17A7B}.Debug|Any CPU.ActiveCfg = Debug|Any CPU
		{BF9A18C8-230F-4B1F-98CF-081253B17A7B}.Debug|Any CPU.Build.0 = Debug|Any CPU
		{BF9A18C8-230F-4B1F-98CF-081253B17A7B}.Release|Any CPU.ActiveCfg = Release|Any CPU
		{BF9A18C8-230F-4B1F-98CF-081253B17A7B}.Release|Any CPU.Build.0 = Release|Any CPU
	EndGlobalSection
	GlobalSection(SolutionProperties) = preSolution
		HideSolutionNode = FALSE
	EndGlobalSection
	GlobalSection(ExtensibilityGlobals) = postSolution
		SolutionGuid = {D73ED0CA-5ADD-4AD6-BF33-F5E98F3C9560}
	EndGlobalSection
EndGlobal
