
Microsoft Visual Studio Solution File, Format Version 12.00
# Visual Studio Version 17
VisualStudioVersion = 17.14.36414.22
MinimumVisualStudioVersion = 10.0.40219.1
Project("{9A19103F-16F7-4668-BE54-9A1E7A4F7556}") = "Lab_2", "Lab_2\Lab_2.csproj", "{6A81A3CB-AE91-493C-9521-FC0D3B7B503B}"
EndProject
Project("{9A19103F-16F7-4668-BE54-9A1E7A4F7556}") = "Lab_1", "Lab_1\Lab_1.csproj", "{E4ACF402-E6F6-4CEF-8CCA-611706FCA3F9}"
EndProject
Project("{9A19103F-16F7-4668-BE54-9A1E7A4F7556}") = "WinFormsApp1", "WinFormsApp1\WinFormsApp1.csproj", "{BF9A18C8-230F-4B1F-98CF-081253B17A7B}"
EndProject
Project("{9A19103F-16F7-4668-BE54-9A1E7A4F7556}") = "Sem", "Sem\Sem.csproj", "{0E2D74B0-CAE5-4DEB-9192-F363078EA1E5}"
EndProject
Project("{9A19103F-16F7-4668-BE54-9A1E7A4F7556}") = "Lab6", "Lab6\Lab6.csproj", "{B355307F-A020-4AB1-9220-98F67A7932AD}"
EndProject
Global
	GlobalSection(SolutionConfigurationPlatforms) = preSolution
		Debug|Any CPU = Debug|Any CPU
		Debug|x64 = Debug|x64
		Debug|x86 = Debug|x86
		Release|Any CPU = Release|Any CPU
		Release|x64 = Release|x64
		Release|x86 = Release|x86
	EndGlobalSection
	GlobalSection(ProjectConfigurationPlatforms) = postSolution
		{6A81A3CB-AE91-493C-9521-FC0D3B7B503B}.Debug|Any CPU.ActiveCfg = Debug|Any CPU
		{6A81A3CB-AE91-493C-9521-FC0D3B7B503B}.Debug|Any CPU.Build.0 = Debug|Any CPU
		{6A81A3CB-AE91-493C-9521-FC0D3B7B503B}.Debug|x64.ActiveCfg = Debug|x64
		{6A81A3CB-AE91-493C-9521-FC0D3B7B503B}.Debug|x64.Build.0 = Debug|x64
		{6A81A3CB-AE91-493C-9521-FC0D3B7B503B}.Debug|x86.ActiveCfg = Debug|Any CPU
		{6A81A3CB-AE91-493C-9521-FC0D3B7B503B}.Debug|x86.Build.0 = Debug|Any CPU
		{6A81A3CB-AE91-493C-9521-FC0D3B7B503B}.Release|Any CPU.ActiveCfg = Release|Any CPU
		{6A81A3CB-AE91-493C-9521-FC0D3B7B503B}.Release|Any CPU.Build.0 = Release|Any CPU
		{6A81A3CB-AE91-493C-9521-FC0D3B7B503B}.Release|x64.ActiveCfg = Release|x64
		{6A81A3CB-AE91-493C-9521-FC0D3B7B503B}.Release|x64.Build.0 = Release|x64
		{6A81A3CB-AE91-493C-9521-FC0D3B7B503B}.Release|x86.ActiveCfg = Release|Any CPU
		{6A81A3CB-AE91-493C-9521-FC0D3B7B503B}.Release|x86.Build.0 = Release|Any CPU
		{E4ACF402-E6F6-4CEF-8CCA-611706FCA3F9}.Debug|Any CPU.ActiveCfg = Debug|Any CPU
		{E4ACF402-E6F6-4CEF-8CCA-611706FCA3F9}.Debug|Any CPU.Build.0 = Debug|Any CPU
		{E4ACF402-E6F6-4CEF-8CCA-611706FCA3F9}.Debug|x64.ActiveCfg = Debug|x64
		{E4ACF402-E6F6-4CEF-8CCA-611706FCA3F9}.Debug|x64.Build.0 = Debug|x64
		{E4ACF402-E6F6-4CEF-8CCA-611706FCA3F9}.Debug|x86.ActiveCfg = Debug|Any CPU
		{E4ACF402-E6F6-4CEF-8CCA-611706FCA3F9}.Debug|x86.Build.0 = Debug|Any CPU
		{E4ACF402-E6F6-4CEF-8CCA-611706FCA3F9}.Release|Any CPU.ActiveCfg = Release|Any CPU
		{E4ACF402-E6F6-4CEF-8CCA-611706FCA3F9}.Release|Any CPU.Build.0 = Release|Any CPU
		{E4ACF402-E6F6-4CEF-8CCA-611706FCA3F9}.Release|x64.ActiveCfg = Release|x64
		{E4ACF402-E6F6-4CEF-8CCA-611706FCA3F9}.Release|x64.Build.0 = Release|x64
		{E4ACF402-E6F6-4CEF-8CCA-611706FCA3F9}.Release|x86.ActiveCfg = Release|Any CPU
		{E4ACF402-E6F6-4CEF-8CCA-611706FCA3F9}.Release|x86.Build.0 = Release|Any CPU
		{BF9A18C8-230F-4B1F-98CF-081253B17A7B}.Debug|Any CPU.ActiveCfg = Debug|Any CPU
		{BF9A18C8-230F-4B1F-98CF-081253B17A7B}.Debug|Any CPU.Build.0 = Debug|Any CPU
		{BF9A18C8-230F-4B1F-98CF-081253B17A7B}.Debug|x64.ActiveCfg = Debug|x64
		{BF9A18C8-230F-4B1F-98CF-081253B17A7B}.Debug|x64.Build.0 = Debug|x64
		{BF9A18C8-230F-4B1F-98CF-081253B17A7B}.Debug|x86.ActiveCfg = Debug|Any CPU
		{BF9A18C8-230F-4B1F-98CF-081253B17A7B}.Debug|x86.Build.0 = Debug|Any CPU
		{BF9A18C8-230F-4B1F-98CF-081253B17A7B}.Release|Any CPU.ActiveCfg = Release|Any CPU
		{BF9A18C8-230F-4B1F-98CF-081253B17A7B}.Release|Any CPU.Build.0 = Release|Any CPU
		{BF9A18C8-230F-4B1F-98CF-081253B17A7B}.Release|x64.ActiveCfg = Release|x64
		{BF9A18C8-230F-4B1F-98CF-081253B17A7B}.Release|x64.Build.0 = Release|x64
		{BF9A18C8-230F-4B1F-98CF-081253B17A7B}.Release|x86.ActiveCfg = Release|Any CPU
		{BF9A18C8-230F-4B1F-98CF-081253B17A7B}.Release|x86.Build.0 = Release|Any CPU
		{0E2D74B0-CAE5-4DEB-9192-F363078EA1E5}.Debug|Any CPU.ActiveCfg = Debug|Any CPU
		{0E2D74B0-CAE5-4DEB-9192-F363078EA1E5}.Debug|Any CPU.Build.0 = Debug|Any CPU
		{0E2D74B0-CAE5-4DEB-9192-F363078EA1E5}.Debug|x64.ActiveCfg = Debug|Any CPU
		{0E2D74B0-CAE5-4DEB-9192-F363078EA1E5}.Debug|x64.Build.0 = Debug|Any CPU
		{0E2D74B0-CAE5-4DEB-9192-F363078EA1E5}.Debug|x86.ActiveCfg = Debug|x86
		{0E2D74B0-CAE5-4DEB-9192-F363078EA1E5}.Debug|x86.Build.0 = Debug|x86
		{0E2D74B0-CAE5-4DEB-9192-F363078EA1E5}.Release|Any CPU.ActiveCfg = Release|Any CPU
		{0E2D74B0-CAE5-4DEB-9192-F363078EA1E5}.Release|Any CPU.Build.0 = Release|Any CPU
		{0E2D74B0-CAE5-4DEB-9192-F363078EA1E5}.Release|x64.ActiveCfg = Release|x64
		{0E2D74B0-CAE5-4DEB-9192-F363078EA1E5}.Release|x64.Build.0 = Release|x64
		{0E2D74B0-CAE5-4DEB-9192-F363078EA1E5}.Release|x86.ActiveCfg = Release|x86
		{0E2D74B0-CAE5-4DEB-9192-F363078EA1E5}.Release|x86.Build.0 = Release|x86
		{B355307F-A020-4AB1-9220-98F67A7932AD}.Debug|Any CPU.ActiveCfg = Debug|x64
		{B355307F-A020-4AB1-9220-98F67A7932AD}.Debug|Any CPU.Build.0 = Debug|x64
		{B355307F-A020-4AB1-9220-98F67A7932AD}.Debug|x64.ActiveCfg = Debug|x64
		{B355307F-A020-4AB1-9220-98F67A7932AD}.Debug|x64.Build.0 = Debug|x64
		{B355307F-A020-4AB1-9220-98F67A7932AD}.Debug|x86.ActiveCfg = Debug|Any CPU
		{B355307F-A020-4AB1-9220-98F67A7932AD}.Debug|x86.Build.0 = Debug|Any CPU
		{B355307F-A020-4AB1-9220-98F67A7932AD}.Release|Any CPU.ActiveCfg = Release|Any CPU
		{B355307F-A020-4AB1-9220-98F67A7932AD}.Release|Any CPU.Build.0 = Release|Any CPU
		{B355307F-A020-4AB1-9220-98F67A7932AD}.Release|x64.ActiveCfg = Release|x64
		{B355307F-A020-4AB1-9220-98F67A7932AD}.Release|x64.Build.0 = Release|x64
		{B355307F-A020-4AB1-9220-98F67A7932AD}.Release|x86.ActiveCfg = Release|Any CPU
		{B355307F-A020-4AB1-9220-98F67A7932AD}.Release|x86.Build.0 = Release|Any CPU
	EndGlobalSection
	GlobalSection(SolutionProperties) = preSolution
		HideSolutionNode = FALSE
	EndGlobalSection
	GlobalSection(ExtensibilityGlobals) = postSolution
		SolutionGuid = {D73ED0CA-5ADD-4AD6-BF33-F5E98F3C9560}
	EndGlobalSection
EndGlobal
